// !$*UTF8*$!
{
	archiveVersion = 1;
	classes = {
	};
	objectVersion = 46;
	objects = {

/* Begin PBXBuildFile section */
		9AA714E818358EE200A2895F /* Foundation.framework in Frameworks */ = {isa = PBXBuildFile; fileRef = 9AA714E718358EE200A2895F /* Foundation.framework */; };
		9AA714EA18358EE200A2895F /* CoreGraphics.framework in Frameworks */ = {isa = PBXBuildFile; fileRef = 9AA714E918358EE200A2895F /* CoreGraphics.framework */; };
		9AA714EC18358EE200A2895F /* UIKit.framework in Frameworks */ = {isa = PBXBuildFile; fileRef = 9AA714EB18358EE200A2895F /* UIKit.framework */; };
		9AA714F218358EE200A2895F /* InfoPlist.strings in Resources */ = {isa = PBXBuildFile; fileRef = 9AA714F018358EE200A2895F /* InfoPlist.strings */; };
		9AA714F418358EE200A2895F /* main.m in Sources */ = {isa = PBXBuildFile; fileRef = 9AA714F318358EE200A2895F /* main.m */; };
		9AA714F818358EE200A2895F /* AppDelegate.m in Sources */ = {isa = PBXBuildFile; fileRef = 9AA714F718358EE200A2895F /* AppDelegate.m */; };
		9AA714FB18358EE200A2895F /* Main.storyboard in Resources */ = {isa = PBXBuildFile; fileRef = 9AA714F918358EE200A2895F /* Main.storyboard */; };
		9AA714FE18358EE200A2895F /* ViewController.m in Sources */ = {isa = PBXBuildFile; fileRef = 9AA714FD18358EE200A2895F /* ViewController.m */; };
		9AA7150018358EE200A2895F /* Images.xcassets in Resources */ = {isa = PBXBuildFile; fileRef = 9AA714FF18358EE200A2895F /* Images.xcassets */; };
		9AA7150718358EE200A2895F /* XCTest.framework in Frameworks */ = {isa = PBXBuildFile; fileRef = 9AA7150618358EE200A2895F /* XCTest.framework */; };
		9AA7150818358EE200A2895F /* Foundation.framework in Frameworks */ = {isa = PBXBuildFile; fileRef = 9AA714E718358EE200A2895F /* Foundation.framework */; };
		9AA7150918358EE200A2895F /* UIKit.framework in Frameworks */ = {isa = PBXBuildFile; fileRef = 9AA714EB18358EE200A2895F /* UIKit.framework */; };
		9AA7151118358EE200A2895F /* InfoPlist.strings in Resources */ = {isa = PBXBuildFile; fileRef = 9AA7150F18358EE200A2895F /* InfoPlist.strings */; };
		9AA7151318358EE200A2895F /* TmpTests.m in Sources */ = {isa = PBXBuildFile; fileRef = 9AA7151218358EE200A2895F /* TmpTests.m */; };
/* End PBXBuildFile section */

/* Begin PBXContainerItemProxy section */
		9AA7150A18358EE200A2895F /* PBXContainerItemProxy */ = {
			isa = PBXContainerItemProxy;
			containerPortal = 9AA714DC18358EE200A2895F /* Project object */;
			proxyType = 1;
			remoteGlobalIDString = 9AA714E318358EE200A2895F;
			remoteInfo = Tmp;
		};
/* End PBXContainerItemProxy section */

/* Begin PBXFileReference section */
		9AA714E418358EE200A2895F /* Tmp.app */ = {isa = PBXFileReference; explicitFileType = wrapper.application; includeInIndex = 0; path = Tmp.app; sourceTree = BUILT_PRODUCTS_DIR; };
		9AA714E718358EE200A2895F /* Foundation.framework */ = {isa = PBXFileReference; lastKnownFileType = wrapper.framework; name = Foundation.framework; path = System/Library/Frameworks/Foundation.framework; sourceTree = SDKROOT; };
		9AA714E918358EE200A2895F /* CoreGraphics.framework */ = {isa = PBXFileReference; lastKnownFileType = wrapper.framework; name = CoreGraphics.framework; path = System/Library/Frameworks/CoreGraphics.framework; sourceTree = SDKROOT; };
		9AA714EB18358EE200A2895F /* UIKit.framework */ = {isa = PBXFileReference; lastKnownFileType = wrapper.framework; name = UIKit.framework; path = System/Library/Frameworks/UIKit.framework; sourceTree = SDKROOT; };
		9AA714EF18358EE200A2895F /* Tmp-Info.plist */ = {isa = PBXFileReference; lastKnownFileType = text.plist.xml; path = "Tmp-Info.plist"; sourceTree = "<group>"; };
		9AA714F118358EE200A2895F /* en */ = {isa = PBXFileReference; lastKnownFileType = text.plist.strings; name = en; path = en.lproj/InfoPlist.strings; sourceTree = "<group>"; };
		9AA714F318358EE200A2895F /* main.m */ = {isa = PBXFileReference; lastKnownFileType = sourcecode.c.objc; path = main.m; sourceTree = "<group>"; };
		9AA714F518358EE200A2895F /* Tmp-Prefix.pch */ = {isa = PBXFileReference; lastKnownFileType = sourcecode.c.h; path = "Tmp-Prefix.pch"; sourceTree = "<group>"; };
		9AA714F618358EE200A2895F /* AppDelegate.h */ = {isa = PBXFileReference; lastKnownFileType = sourcecode.c.h; path = AppDelegate.h; sourceTree = "<group>"; };
		9AA714F718358EE200A2895F /* AppDelegate.m */ = {isa = PBXFileReference; lastKnownFileType = sourcecode.c.objc; path = AppDelegate.m; sourceTree = "<group>"; };
		9AA714FA18358EE200A2895F /* Base */ = {isa = PBXFileReference; lastKnownFileType = file.storyboard; name = Base; path = Base.lproj/Main.storyboard; sourceTree = "<group>"; };
		9AA714FC18358EE200A2895F /* ViewController.h */ = {isa = PBXFileReference; lastKnownFileType = sourcecode.c.h; path = ViewController.h; sourceTree = "<group>"; };
		9AA714FD18358EE200A2895F /* ViewController.m */ = {isa = PBXFileReference; lastKnownFileType = sourcecode.c.objc; path = ViewController.m; sourceTree = "<group>"; };
		9AA714FF18358EE200A2895F /* Images.xcassets */ = {isa = PBXFileReference; lastKnownFileType = folder.assetcatalog; path = Images.xcassets; sourceTree = "<group>"; };
		9AA7150518358EE200A2895F /* TmpTests.xctest */ = {isa = PBXFileReference; explicitFileType = wrapper.cfbundle; includeInIndex = 0; path = TmpTests.xctest; sourceTree = BUILT_PRODUCTS_DIR; };
		9AA7150618358EE200A2895F /* XCTest.framework */ = {isa = PBXFileReference; lastKnownFileType = wrapper.framework; name = XCTest.framework; path = Library/Frameworks/XCTest.framework; sourceTree = DEVELOPER_DIR; };
		9AA7150E18358EE200A2895F /* TmpTests-Info.plist */ = {isa = PBXFileReference; lastKnownFileType = text.plist.xml; path = "TmpTests-Info.plist"; sourceTree = "<group>"; };
		9AA7151018358EE200A2895F /* en */ = {isa = PBXFileReference; lastKnownFileType = text.plist.strings; name = en; path = en.lproj/InfoPlist.strings; sourceTree = "<group>"; };
		9AA7151218358EE200A2895F /* TmpTests.m */ = {isa = PBXFileReference; lastKnownFileType = sourcecode.c.objc; path = TmpTests.m; sourceTree = "<group>"; };
/* End PBXFileReference section */

/* Begin PBXFrameworksBuildPhase section */
		9AA714E118358EE200A2895F /* Frameworks */ = {
			isa = PBXFrameworksBuildPhase;
			buildActionMask = 2147483647;
			files = (
				9AA714EA18358EE200A2895F /* CoreGraphics.framework in Frameworks */,
				9AA714EC18358EE200A2895F /* UIKit.framework in Frameworks */,
				9AA714E818358EE200A2895F /* Foundation.framework in Frameworks */,
			);
			runOnlyForDeploymentPostprocessing = 0;
		};
		9AA7150218358EE200A2895F /* Frameworks */ = {
			isa = PBXFrameworksBuildPhase;
			buildActionMask = 2147483647;
			files = (
				9AA7150718358EE200A2895F /* XCTest.framework in Frameworks */,
				9AA7150918358EE200A2895F /* UIKit.framework in Frameworks */,
				9AA7150818358EE200A2895F /* Foundation.framework in Frameworks */,
			);
			runOnlyForDeploymentPostprocessing = 0;
		};
/* End PBXFrameworksBuildPhase section */

/* Begin PBXGroup section */
		9AA714DB18358EE200A2895F = {
			isa = PBXGroup;
			children = (
				9AA714ED18358EE200A2895F /* Tmp */,
				9AA7150C18358EE200A2895F /* TmpTests */,
				9AA714E618358EE200A2895F /* Frameworks */,
				9AA714E518358EE200A2895F /* Products */,
			);
			sourceTree = "<group>";
		};
		9AA714E518358EE200A2895F /* Products */ = {
			isa = PBXGroup;
			children = (
				9AA714E418358EE200A2895F /* Tmp.app */,
				9AA7150518358EE200A2895F /* TmpTests.xctest */,
			);
			name = Products;
			sourceTree = "<group>";
		};
		9AA714E618358EE200A2895F /* Frameworks */ = {
			isa = PBXGroup;
			children = (
				9AA714E718358EE200A2895F /* Foundation.framework */,
				9AA714E918358EE200A2895F /* CoreGraphics.framework */,
				9AA714EB18358EE200A2895F /* UIKit.framework */,
				9AA7150618358EE200A2895F /* XCTest.framework */,
			);
			name = Frameworks;
			sourceTree = "<group>";
		};
		9AA714ED18358EE200A2895F /* Tmp */ = {
			isa = PBXGroup;
			children = (
				9AA714F618358EE200A2895F /* AppDelegate.h */,
				9AA714F718358EE200A2895F /* AppDelegate.m */,
				9AA714F918358EE200A2895F /* Main.storyboard */,
				9AA714FC18358EE200A2895F /* ViewController.h */,
				9AA714FD18358EE200A2895F /* ViewController.m */,
				9AA714FF18358EE200A2895F /* Images.xcassets */,
				9AA714EE18358EE200A2895F /* Supporting Files */,
			);
			path = Tmp;
			sourceTree = "<group>";
		};
		9AA714EE18358EE200A2895F /* Supporting Files */ = {
			isa = PBXGroup;
			children = (
				9AA714EF18358EE200A2895F /* Tmp-Info.plist */,
				9AA714F018358EE200A2895F /* InfoPlist.strings */,
				9AA714F318358EE200A2895F /* main.m */,
				9AA714F518358EE200A2895F /* Tmp-Prefix.pch */,
			);
			name = "Supporting Files";
			sourceTree = "<group>";
		};
		9AA7150C18358EE200A2895F /* TmpTests */ = {
			isa = PBXGroup;
			children = (
				9AA7151218358EE200A2895F /* TmpTests.m */,
				9AA7150D18358EE200A2895F /* Supporting Files */,
			);
			path = TmpTests;
			sourceTree = "<group>";
		};
		9AA7150D18358EE200A2895F /* Supporting Files */ = {
			isa = PBXGroup;
			children = (
				9AA7150E18358EE200A2895F /* TmpTests-Info.plist */,
				9AA7150F18358EE200A2895F /* InfoPlist.strings */,
			);
			name = "Supporting Files";
			sourceTree = "<group>";
		};
/* End PBXGroup section */

/* Begin PBXNativeTarget section */
		9AA714E318358EE200A2895F /* Tmp */ = {
			isa = PBXNativeTarget;
			buildConfigurationList = 9AA7151618358EE200A2895F /* Build configuration list for PBXNativeTarget "Tmp" */;
			buildPhases = (
				9AA714E018358EE200A2895F /* Sources */,
				9AA714E118358EE200A2895F /* Frameworks */,
				9AA714E218358EE200A2895F /* Resources */,
			);
			buildRules = (
			);
			dependencies = (
			);
			name = Tmp;
			productName = Tmp;
			productReference = 9AA714E418358EE200A2895F /* Tmp.app */;
			productType = "com.apple.product-type.application";
		};
		9AA7150418358EE200A2895F /* TmpTests */ = {
			isa = PBXNativeTarget;
			buildConfigurationList = 9AA7151918358EE200A2895F /* Build configuration list for PBXNativeTarget "TmpTests" */;
			buildPhases = (
				9AA7150118358EE200A2895F /* Sources */,
				9AA7150218358EE200A2895F /* Frameworks */,
				9AA7150318358EE200A2895F /* Resources */,
			);
			buildRules = (
			);
			dependencies = (
				9AA7150B18358EE200A2895F /* PBXTargetDependency */,
			);
			name = TmpTests;
			productName = TmpTests;
			productReference = 9AA7150518358EE200A2895F /* TmpTests.xctest */;
			productType = "com.apple.product-type.bundle.unit-test";
		};
/* End PBXNativeTarget section */

/* Begin PBXProject section */
		9AA714DC18358EE200A2895F /* Project object */ = {
			isa = PBXProject;
			attributes = {
				LastUpgradeCheck = 0500;
				ORGANIZATIONNAME = Tracker;
				TargetAttributes = {
					9AA7150418358EE200A2895F = {
						TestTargetID = 9AA714E318358EE200A2895F;
					};
				};
			};
			buildConfigurationList = 9AA714DF18358EE200A2895F /* Build configuration list for PBXProject "Tmp" */;
			compatibilityVersion = "Xcode 3.2";
			developmentRegion = English;
			hasScannedForEncodings = 0;
			knownRegions = (
				en,
				Base,
			);
			mainGroup = 9AA714DB18358EE200A2895F;
			productRefGroup = 9AA714E518358EE200A2895F /* Products */;
			projectDirPath = "";
			projectRoot = "";
			targets = (
				9AA714E318358EE200A2895F /* Tmp */,
				9AA7150418358EE200A2895F /* TmpTests */,
			);
		};
/* End PBXProject section */

/* Begin PBXResourcesBuildPhase section */
		9AA714E218358EE200A2895F /* Resources */ = {
			isa = PBXResourcesBuildPhase;
			buildActionMask = 2147483647;
			files = (
				9AA7150018358EE200A2895F /* Images.xcassets in Resources */,
				9AA714F218358EE200A2895F /* InfoPlist.strings in Resources */,
				9AA714FB18358EE200A2895F /* Main.storyboard in Resources */,
			);
			runOnlyForDeploymentPostprocessing = 0;
		};
		9AA7150318358EE200A2895F /* Resources */ = {
			isa = PBXResourcesBuildPhase;
			buildActionMask = 2147483647;
			files = (
				9AA7151118358EE200A2895F /* InfoPlist.strings in Resources */,
			);
			runOnlyForDeploymentPostprocessing = 0;
		};
/* End PBXResourcesBuildPhase section */

/* Begin PBXSourcesBuildPhase section */
		9AA714E018358EE200A2895F /* Sources */ = {
			isa = PBXSourcesBuildPhase;
			buildActionMask = 2147483647;
			files = (
				9AA714FE18358EE200A2895F /* ViewController.m in Sources */,
				9AA714F818358EE200A2895F /* AppDelegate.m in Sources */,
				9AA714F418358EE200A2895F /* main.m in Sources */,
			);
			runOnlyForDeploymentPostprocessing = 0;
		};
		9AA7150118358EE200A2895F /* Sources */ = {
			isa = PBXSourcesBuildPhase;
			buildActionMask = 2147483647;
			files = (
				9AA7151318358EE200A2895F /* TmpTests.m in Sources */,
			);
			runOnlyForDeploymentPostprocessing = 0;
		};
/* End PBXSourcesBuildPhase section */

/* Begin PBXTargetDependency section */
		9AA7150B18358EE200A2895F /* PBXTargetDependency */ = {
			isa = PBXTargetDependency;
			target = 9AA714E318358EE200A2895F /* Tmp */;
			targetProxy = 9AA7150A18358EE200A2895F /* PBXContainerItemProxy */;
		};
/* End PBXTargetDependency section */

/* Begin PBXVariantGroup section */
		9AA714F018358EE200A2895F /* InfoPlist.strings */ = {
			isa = PBXVariantGroup;
			children = (
				9AA714F118358EE200A2895F /* en */,
			);
			name = InfoPlist.strings;
			sourceTree = "<group>";
		};
		9AA714F918358EE200A2895F /* Main.storyboard */ = {
			isa = PBXVariantGroup;
			children = (
				9AA714FA18358EE200A2895F /* Base */,
			);
			name = Main.storyboard;
			sourceTree = "<group>";
		};
		9AA7150F18358EE200A2895F /* InfoPlist.strings */ = {
			isa = PBXVariantGroup;
			children = (
				9AA7151018358EE200A2895F /* en */,
			);
			name = InfoPlist.strings;
			sourceTree = "<group>";
		};
/* End PBXVariantGroup section */

/* Begin XCBuildConfiguration section */
		9AA7151418358EE200A2895F /* Debug */ = {
			isa = XCBuildConfiguration;
			buildSettings = {
				ALWAYS_SEARCH_USER_PATHS = NO;
				ARCHS = "$(ARCHS_STANDARD_INCLUDING_64_BIT)";
				CLANG_CXX_LANGUAGE_STANDARD = "gnu++0x";
				CLANG_CXX_LIBRARY = "libc++";
				CLANG_ENABLE_MODULES = YES;
				CLANG_ENABLE_OBJC_ARC = YES;
				CLANG_WARN_BOOL_CONVERSION = YES;
				CLANG_WARN_CONSTANT_CONVERSION = YES;
				CLANG_WARN_DIRECT_OBJC_ISA_USAGE = YES_ERROR;
				CLANG_WARN_EMPTY_BODY = YES;
				CLANG_WARN_ENUM_CONVERSION = YES;
				CLANG_WARN_INT_CONVERSION = YES;
				CLANG_WARN_OBJC_ROOT_CLASS = YES_ERROR;
				CLANG_WARN__DUPLICATE_METHOD_MATCH = YES;
				"CODE_SIGN_IDENTITY[sdk=iphoneos*]" = "iPhone Developer";
				COPY_PHASE_STRIP = NO;
				GCC_C_LANGUAGE_STANDARD = gnu99;
				GCC_DYNAMIC_NO_PIC = NO;
				GCC_OPTIMIZATION_LEVEL = 0;
				GCC_PREPROCESSOR_DEFINITIONS = (
					"DEBUG=1",
					"$(inherited)",
				);
				GCC_SYMBOLS_PRIVATE_EXTERN = NO;
				GCC_WARN_64_TO_32_BIT_CONVERSION = YES;
				GCC_WARN_ABOUT_RETURN_TYPE = YES_ERROR;
				GCC_WARN_UNDECLARED_SELECTOR = YES;
				GCC_WARN_UNINITIALIZED_AUTOS = YES;
				GCC_WARN_UNUSED_FUNCTION = YES;
				GCC_WARN_UNUSED_VARIABLE = YES;
				IPHONEOS_DEPLOYMENT_TARGET = 7.0;
				ONLY_ACTIVE_ARCH = YES;
				SDKROOT = iphoneos;
			};
			name = Debug;
		};
		9AA7151518358EE200A2895F /* Release */ = {
			isa = XCBuildConfiguration;
			buildSettings = {
				ALWAYS_SEARCH_USER_PATHS = NO;
				ARCHS = "$(ARCHS_STANDARD_INCLUDING_64_BIT)";
				CLANG_CXX_LANGUAGE_STANDARD = "gnu++0x";
				CLANG_CXX_LIBRARY = "libc++";
				CLANG_ENABLE_MODULES = YES;
				CLANG_ENABLE_OBJC_ARC = YES;
				CLANG_WARN_BOOL_CONVERSION = YES;
				CLANG_WARN_CONSTANT_CONVERSION = YES;
				CLANG_WARN_DIRECT_OBJC_ISA_USAGE = YES_ERROR;
				CLANG_WARN_EMPTY_BODY = YES;
				CLANG_WARN_ENUM_CONVERSION = YES;
				CLANG_WARN_INT_CONVERSION = YES;
				CLANG_WARN_OBJC_ROOT_CLASS = YES_ERROR;
				CLANG_WARN__DUPLICATE_METHOD_MATCH = YES;
				"CODE_SIGN_IDENTITY[sdk=iphoneos*]" = "iPhone Developer";
				COPY_PHASE_STRIP = YES;
				ENABLE_NS_ASSERTIONS = NO;
				GCC_C_LANGUAGE_STANDARD = gnu99;
				GCC_WARN_64_TO_32_BIT_CONVERSION = YES;
				GCC_WARN_ABOUT_RETURN_TYPE = YES_ERROR;
				GCC_WARN_UNDECLARED_SELECTOR = YES;
				GCC_WARN_UNINITIALIZED_AUTOS = YES;
				GCC_WARN_UNUSED_FUNCTION = YES;
				GCC_WARN_UNUSED_VARIABLE = YES;
				IPHONEOS_DEPLOYMENT_TARGET = 7.0;
				SDKROOT = iphoneos;
				VALIDATE_PRODUCT = YES;
			};
			name = Release;
		};
		9AA7151718358EE200A2895F /* Debug */ = {
			isa = XCBuildConfiguration;
			buildSettings = {
				ASSETCATALOG_COMPILER_APPICON_NAME = AppIcon;
				ASSETCATALOG_COMPILER_LAUNCHIMAGE_NAME = LaunchImage;
				GCC_PRECOMPILE_PREFIX_HEADER = YES;
				GCC_PREFIX_HEADER = "Tmp/Tmp-Prefix.pch";
				INFOPLIST_FILE = "Tmp/Tmp-Info.plist";
				PRODUCT_NAME = "$(TARGET_NAME)";
				WRAPPER_EXTENSION = app;
			};
			name = Debug;
		};
		9AA7151818358EE200A2895F /* Release */ = {
			isa = XCBuildConfiguration;
			buildSettings = {
				ASSETCATALOG_COMPILER_APPICON_NAME = AppIcon;
				ASSETCATALOG_COMPILER_LAUNCHIMAGE_NAME = LaunchImage;
				GCC_PRECOMPILE_PREFIX_HEADER = YES;
				GCC_PREFIX_HEADER = "Tmp/Tmp-Prefix.pch";
				INFOPLIST_FILE = "Tmp/Tmp-Info.plist";
				PRODUCT_NAME = "$(TARGET_NAME)";
				WRAPPER_EXTENSION = app;
			};
			name = Release;
		};
		9AA7151A18358EE200A2895F /* Debug */ = {
			isa = XCBuildConfiguration;
			buildSettings = {
				ARCHS = "$(ARCHS_STANDARD_INCLUDING_64_BIT)";
				BUNDLE_LOADER = "$(BUILT_PRODUCTS_DIR)/Tmp.app/Tmp";
				FRAMEWORK_SEARCH_PATHS = (
					"$(SDKROOT)/Developer/Library/Frameworks",
					"$(inherited)",
					"$(DEVELOPER_FRAMEWORKS_DIR)",
				);
				GCC_PRECOMPILE_PREFIX_HEADER = YES;
				GCC_PREFIX_HEADER = "Tmp/Tmp-Prefix.pch";
				GCC_PREPROCESSOR_DEFINITIONS = (
					"DEBUG=1",
					"$(inherited)",
				);
				INFOPLIST_FILE = "TmpTests/TmpTests-Info.plist";
				PRODUCT_NAME = "$(TARGET_NAME)";
				TEST_HOST = "$(BUNDLE_LOADER)";
				WRAPPER_EXTENSION = xctest;
			};
			name = Debug;
		};
		9AA7151B18358EE200A2895F /* Release */ = {
			isa = XCBuildConfiguration;
			buildSettings = {
				ARCHS = "$(ARCHS_STANDARD_INCLUDING_64_BIT)";
				BUNDLE_LOADER = "$(BUILT_PRODUCTS_DIR)/Tmp.app/Tmp";
				FRAMEWORK_SEARCH_PATHS = (
					"$(SDKROOT)/Developer/Library/Frameworks",
					"$(inherited)",
					"$(DEVELOPER_FRAMEWORKS_DIR)",
				);
				GCC_PRECOMPILE_PREFIX_HEADER = YES;
				GCC_PREFIX_HEADER = "Tmp/Tmp-Prefix.pch";
				INFOPLIST_FILE = "TmpTests/TmpTests-Info.plist";
				PRODUCT_NAME = "$(TARGET_NAME)";
				TEST_HOST = "$(BUNDLE_LOADER)";
				WRAPPER_EXTENSION = xctest;
			};
			name = Release;
		};
/* End XCBuildConfiguration section */

/* Begin XCConfigurationList section */
		9AA714DF18358EE200A2895F /* Build configuration list for PBXProject "Tmp" */ = {
			isa = XCConfigurationList;
			buildConfigurations = (
				9AA7151418358EE200A2895F /* Debug */,
				9AA7151518358EE200A2895F /* Release */,
			);
			defaultConfigurationIsVisible = 0;
			defaultConfigurationName = Release;
		};
		9AA7151618358EE200A2895F /* Build configuration list for PBXNativeTarget "Tmp" */ = {
			isa = XCConfigurationList;
			buildConfigurations = (
				9AA7151718358EE200A2895F /* Debug */,
				9AA7151818358EE200A2895F /* Release */,
			);
			defaultConfigurationIsVisible = 0;
		};
		9AA7151918358EE200A2895F /* Build configuration list for PBXNativeTarget "TmpTests" */ = {
			isa = XCConfigurationList;
			buildConfigurations = (
				9AA7151A18358EE200A2895F /* Debug */,
				9AA7151B18358EE200A2895F /* Release */,
			);
			defaultConfigurationIsVisible = 0;
		};
/* End XCConfigurationList section */
	};
	rootObject = 9AA714DC18358EE200A2895F /* Project object */;
}
